
Microsoft Visual Studio Solution File, Format Version 12.00
# Visual Studio Version 17
VisualStudioVersion = 17.14.36408.4 d17.14
MinimumVisualStudioVersion = 10.0.40219.1
Project("{FAE04EC0-301F-11D3-BF4B-00C04F79EFBC}") = "NotificationsApi", "NotificationsApi\NotificationsApi.csproj", "{5288BC86-DE44-4BED-BDE1-90725ED069CE}"
EndProject
Global
	GlobalSection(SolutionConfigurationPlatforms) = preSolution
		Debug|Any CPU = Debug|Any CPU
		Release|Any CPU = Release|Any CPU
	EndGlobalSection
	GlobalSection(ProjectConfigurationPlatforms) = postSolution
		{5288BC86-DE44-4BED-BDE1-90725ED069CE}.Debug|Any CPU.ActiveCfg = Debug|Any CPU
		{5288BC86-DE44-4BED-BDE1-90725ED069CE}.Debug|Any CPU.Build.0 = Debug|Any CPU
		{5288BC86-DE44-4BED-BDE1-90725ED069CE}.Release|Any CPU.ActiveCfg = Release|Any CPU
		{5288BC86-DE44-4BED-BDE1-90725ED069CE}.Release|Any CPU.Build.0 = Release|Any CPU
	EndGlobalSection
	GlobalSection(SolutionProperties) = preSolution
		HideSolutionNode = FALSE
	EndGlobalSection
	GlobalSection(ExtensibilityGlobals) = postSolution
		SolutionGuid = {590E716D-2DC7-4CBC-A2E6-110203C3E27E}
	EndGlobalSection
EndGlobal
